
Microsoft Visual Studio Solution File, Format Version 12.00
# Visual Studio Version 17
VisualStudioVersion = 17.9.34701.34
MinimumVisualStudioVersion = 10.0.40219.1
Project("{9A19103F-16F7-4668-BE54-9A1E7A4F7556}") = "EscapeRoom.MVC", "EscapeRoom.MVC\EscapeRoom.MVC.csproj", "{A0A4FB0B-2D4F-4CDF-8D2C-95602449BEA0}"
EndProject
Project("{9A19103F-16F7-4668-BE54-9A1E7A4F7556}") = "EscapeRoom.Domain", "EscapeRoom.Domain\EscapeRoom.Domain.csproj", "{73363DAC-ADC3-4D18-9335-96B6EA7CE439}"
EndProject
Project("{9A19103F-16F7-4668-BE54-9A1E7A4F7556}") = "EscapeRoom.Application", "EscapeRoom.Application\EscapeRoom.Application.csproj", "{3721F26C-DBDA-4F38-8309-AB88C2D79AF8}"
EndProject
Project("{9A19103F-16F7-4668-BE54-9A1E7A4F7556}") = "EscapeRoom.Infrastructure", "EscapeRoom.Infrastructure\EscapeRoom.Infrastructure.csproj", "{3DFCBDB8-FCD8-45CE-904E-977EC1D5CC0A}"
EndProject
Project("{FAE04EC0-301F-11D3-BF4B-00C04F79EFBC}") = "EscapeRoom.Domain.Tests", "EscapeRoom.Domain.Tests\EscapeRoom.Domain.Tests.csproj", "{73B4E01E-E18F-4284-B5C4-E484D718A5F5}"
EndProject
Project("{FAE04EC0-301F-11D3-BF4B-00C04F79EFBC}") = "EscapeRoom.Application.Tests", "EscapeRoom.Application.Tests\EscapeRoom.Application.Tests.csproj", "{14CA0466-11C9-49AD-8D71-FA20CB75A7F5}"
EndProject
Project("{2150E333-8FDC-42A3-9474-1A3956D46DE8}") = "tests", "tests", "{F260B204-73A4-4B80-9992-118B55C5CD28}"
EndProject
Global
	GlobalSection(SolutionConfigurationPlatforms) = preSolution
		Debug|Any CPU = Debug|Any CPU
		Release|Any CPU = Release|Any CPU
	EndGlobalSection
	GlobalSection(ProjectConfigurationPlatforms) = postSolution
		{A0A4FB0B-2D4F-4CDF-8D2C-95602449BEA0}.Debug|Any CPU.ActiveCfg = Debug|Any CPU
		{A0A4FB0B-2D4F-4CDF-8D2C-95602449BEA0}.Debug|Any CPU.Build.0 = Debug|Any CPU
		{A0A4FB0B-2D4F-4CDF-8D2C-95602449BEA0}.Release|Any CPU.ActiveCfg = Release|Any CPU
		{A0A4FB0B-2D4F-4CDF-8D2C-95602449BEA0}.Release|Any CPU.Build.0 = Release|Any CPU
		{73363DAC-ADC3-4D18-9335-96B6EA7CE439}.Debug|Any CPU.ActiveCfg = Debug|Any CPU
		{73363DAC-ADC3-4D18-9335-96B6EA7CE439}.Debug|Any CPU.Build.0 = Debug|Any CPU
		{73363DAC-ADC3-4D18-9335-96B6EA7CE439}.Release|Any CPU.ActiveCfg = Release|Any CPU
		{73363DAC-ADC3-4D18-9335-96B6EA7CE439}.Release|Any CPU.Build.0 = Release|Any CPU
		{3721F26C-DBDA-4F38-8309-AB88C2D79AF8}.Debug|Any CPU.ActiveCfg = Debug|Any CPU
		{3721F26C-DBDA-4F38-8309-AB88C2D79AF8}.Debug|Any CPU.Build.0 = Debug|Any CPU
		{3721F26C-DBDA-4F38-8309-AB88C2D79AF8}.Release|Any CPU.ActiveCfg = Release|Any CPU
		{3721F26C-DBDA-4F38-8309-AB88C2D79AF8}.Release|Any CPU.Build.0 = Release|Any CPU
		{3DFCBDB8-FCD8-45CE-904E-977EC1D5CC0A}.Debug|Any CPU.ActiveCfg = Debug|Any CPU
		{3DFCBDB8-FCD8-45CE-904E-977EC1D5CC0A}.Debug|Any CPU.Build.0 = Debug|Any CPU
		{3DFCBDB8-FCD8-45CE-904E-977EC1D5CC0A}.Release|Any CPU.ActiveCfg = Release|Any CPU
		{3DFCBDB8-FCD8-45CE-904E-977EC1D5CC0A}.Release|Any CPU.Build.0 = Release|Any CPU
		{73B4E01E-E18F-4284-B5C4-E484D718A5F5}.Debug|Any CPU.ActiveCfg = Debug|Any CPU
		{73B4E01E-E18F-4284-B5C4-E484D718A5F5}.Debug|Any CPU.Build.0 = Debug|Any CPU
		{73B4E01E-E18F-4284-B5C4-E484D718A5F5}.Release|Any CPU.ActiveCfg = Release|Any CPU
		{73B4E01E-E18F-4284-B5C4-E484D718A5F5}.Release|Any CPU.Build.0 = Release|Any CPU
		{14CA0466-11C9-49AD-8D71-FA20CB75A7F5}.Debug|Any CPU.ActiveCfg = Debug|Any CPU
		{14CA0466-11C9-49AD-8D71-FA20CB75A7F5}.Debug|Any CPU.Build.0 = Debug|Any CPU
		{14CA0466-11C9-49AD-8D71-FA20CB75A7F5}.Release|Any CPU.ActiveCfg = Release|Any CPU
		{14CA0466-11C9-49AD-8D71-FA20CB75A7F5}.Release|Any CPU.Build.0 = Release|Any CPU
	EndGlobalSection
	GlobalSection(SolutionProperties) = preSolution
		HideSolutionNode = FALSE
	EndGlobalSection
	GlobalSection(NestedProjects) = preSolution
		{73B4E01E-E18F-4284-B5C4-E484D718A5F5} = {F260B204-73A4-4B80-9992-118B55C5CD28}
		{14CA0466-11C9-49AD-8D71-FA20CB75A7F5} = {F260B204-73A4-4B80-9992-118B55C5CD28}
	EndGlobalSection
	GlobalSection(ExtensibilityGlobals) = postSolution
		SolutionGuid = {58648F40-6BBD-484E-B176-44B13DF38B33}
	EndGlobalSection
EndGlobal
